
Microsoft Visual Studio Solution File, Format Version 12.00
# Visual Studio Version 17
VisualStudioVersion = 17.11.35312.102
MinimumVisualStudioVersion = 10.0.40219.1
Project("{FAE04EC0-301F-11D3-BF4B-00C04F79EFBC}") = "MatchingPattern", "MatchingPattern\MatchingPattern.csproj", "{4568E74A-DF85-4D78-97A2-A70E0D4E4EA8}"
EndProject
Global
	GlobalSection(SolutionConfigurationPlatforms) = preSolution
		Debug|Any CPU = Debug|Any CPU
		Release|Any CPU = Release|Any CPU
	EndGlobalSection
	GlobalSection(ProjectConfigurationPlatforms) = postSolution
		{4568E74A-DF85-4D78-97A2-A70E0D4E4EA8}.Debug|Any CPU.ActiveCfg = Debug|Any CPU
		{4568E74A-DF85-4D78-97A2-A70E0D4E4EA8}.Debug|Any CPU.Build.0 = Debug|Any CPU
		{4568E74A-DF85-4D78-97A2-A70E0D4E4EA8}.Release|Any CPU.ActiveCfg = Release|Any CPU
		{4568E74A-DF85-4D78-97A2-A70E0D4E4EA8}.Release|Any CPU.Build.0 = Release|Any CPU
	EndGlobalSection
	GlobalSection(SolutionProperties) = preSolution
		HideSolutionNode = FALSE
	EndGlobalSection
	GlobalSection(ExtensibilityGlobals) = postSolution
		SolutionGuid = {48696F6D-E926-4355-BB65-BCAB7CCAEE2A}
	EndGlobalSection
EndGlobal
